
Microsoft Visual Studio Solution File, Format Version 12.00
# Visual Studio Version 17
VisualStudioVersion = 17.1.32328.378
MinimumVisualStudioVersion = 10.0.40219.1
Project("{2150E333-8FDC-42A3-9474-1A3956D46DE8}") = "Services", "Services", "{9A3C8B2C-C767-4A00-A380-082B5B31448E}"
EndProject
Project("{2150E333-8FDC-42A3-9474-1A3956D46DE8}") = "Catalog", "Catalog", "{C0B7B57D-CE0F-4EAC-A26B-72EC48BE13C7}"
EndProject
Project("{E53339B2-1760-4266-BCC7-CA923CBCF16C}") = "docker-compose", "docker-compose.dcproj", "{71CBB9B5-0602-4008-8EE2-78A78BFAEC58}"
EndProject
Project("{9A19103F-16F7-4668-BE54-9A1E7A4F7556}") = "Catalog.Api", "Services\Catalog\Catalog.Api\Catalog.Api.csproj", "{81F0461D-353C-4C68-A4F6-67F1776DF8C9}"
EndProject
Project("{2150E333-8FDC-42A3-9474-1A3956D46DE8}") = "Basket", "Basket", "{D991340C-2CAA-4968-B812-2BB10EB3F625}"
EndProject
Project("{9A19103F-16F7-4668-BE54-9A1E7A4F7556}") = "Basket.Api", "Services\Basket\Basket.Api\Basket.Api.csproj", "{8285419A-D014-4836-A318-D5BE16018AA4}"
EndProject
Project("{2150E333-8FDC-42A3-9474-1A3956D46DE8}") = "Discount", "Discount", "{6D1EE2F9-7182-4396-AAEC-E82417475568}"
EndProject
Project("{FAE04EC0-301F-11D3-BF4B-00C04F79EFBC}") = "Discount.Api", "Services\Discount\Discount.Api\Discount.Api.csproj", "{7D416811-B32F-41E6-AB69-BB449AF1E7DC}"
EndProject
Global
	GlobalSection(SolutionConfigurationPlatforms) = preSolution
		Debug|Any CPU = Debug|Any CPU
		Release|Any CPU = Release|Any CPU
	EndGlobalSection
	GlobalSection(ProjectConfigurationPlatforms) = postSolution
		{71CBB9B5-0602-4008-8EE2-78A78BFAEC58}.Debug|Any CPU.ActiveCfg = Debug|Any CPU
		{71CBB9B5-0602-4008-8EE2-78A78BFAEC58}.Debug|Any CPU.Build.0 = Debug|Any CPU
		{71CBB9B5-0602-4008-8EE2-78A78BFAEC58}.Release|Any CPU.ActiveCfg = Release|Any CPU
		{71CBB9B5-0602-4008-8EE2-78A78BFAEC58}.Release|Any CPU.Build.0 = Release|Any CPU
		{81F0461D-353C-4C68-A4F6-67F1776DF8C9}.Debug|Any CPU.ActiveCfg = Debug|Any CPU
		{81F0461D-353C-4C68-A4F6-67F1776DF8C9}.Debug|Any CPU.Build.0 = Debug|Any CPU
		{81F0461D-353C-4C68-A4F6-67F1776DF8C9}.Release|Any CPU.ActiveCfg = Release|Any CPU
		{81F0461D-353C-4C68-A4F6-67F1776DF8C9}.Release|Any CPU.Build.0 = Release|Any CPU
		{8285419A-D014-4836-A318-D5BE16018AA4}.Debug|Any CPU.ActiveCfg = Debug|Any CPU
		{8285419A-D014-4836-A318-D5BE16018AA4}.Debug|Any CPU.Build.0 = Debug|Any CPU
		{8285419A-D014-4836-A318-D5BE16018AA4}.Release|Any CPU.ActiveCfg = Release|Any CPU
		{8285419A-D014-4836-A318-D5BE16018AA4}.Release|Any CPU.Build.0 = Release|Any CPU
		{7D416811-B32F-41E6-AB69-BB449AF1E7DC}.Debug|Any CPU.ActiveCfg = Debug|Any CPU
		{7D416811-B32F-41E6-AB69-BB449AF1E7DC}.Debug|Any CPU.Build.0 = Debug|Any CPU
		{7D416811-B32F-41E6-AB69-BB449AF1E7DC}.Release|Any CPU.ActiveCfg = Release|Any CPU
		{7D416811-B32F-41E6-AB69-BB449AF1E7DC}.Release|Any CPU.Build.0 = Release|Any CPU
	EndGlobalSection
	GlobalSection(SolutionProperties) = preSolution
		HideSolutionNode = FALSE
	EndGlobalSection
	GlobalSection(NestedProjects) = preSolution
		{C0B7B57D-CE0F-4EAC-A26B-72EC48BE13C7} = {9A3C8B2C-C767-4A00-A380-082B5B31448E}
		{81F0461D-353C-4C68-A4F6-67F1776DF8C9} = {C0B7B57D-CE0F-4EAC-A26B-72EC48BE13C7}
		{D991340C-2CAA-4968-B812-2BB10EB3F625} = {9A3C8B2C-C767-4A00-A380-082B5B31448E}
		{8285419A-D014-4836-A318-D5BE16018AA4} = {D991340C-2CAA-4968-B812-2BB10EB3F625}
		{6D1EE2F9-7182-4396-AAEC-E82417475568} = {9A3C8B2C-C767-4A00-A380-082B5B31448E}
		{7D416811-B32F-41E6-AB69-BB449AF1E7DC} = {6D1EE2F9-7182-4396-AAEC-E82417475568}
	EndGlobalSection
	GlobalSection(ExtensibilityGlobals) = postSolution
		SolutionGuid = {895DF258-C2D3-4295-A102-E2D847A6D1E0}
	EndGlobalSection
EndGlobal
